
Microsoft Visual Studio Solution File, Format Version 12.00
# Visual Studio Version 16
VisualStudioVersion = 16.0.30907.101
MinimumVisualStudioVersion = 10.0.40219.1
Project("{9A19103F-16F7-4668-BE54-9A1E7A4F7556}") = "GraphQL.Project", "GraphQL.Project.csproj", "{EF7787EE-49C3-4C38-95C1-6F7DB293869E}"
EndProject
Global
	GlobalSection(SolutionConfigurationPlatforms) = preSolution
		Debug|Any CPU = Debug|Any CPU
		Release|Any CPU = Release|Any CPU
	EndGlobalSection
	GlobalSection(ProjectConfigurationPlatforms) = postSolution
		{EF7787EE-49C3-4C38-95C1-6F7DB293869E}.Debug|Any CPU.ActiveCfg = Debug|Any CPU
		{EF7787EE-49C3-4C38-95C1-6F7DB293869E}.Debug|Any CPU.Build.0 = Debug|Any CPU
		{EF7787EE-49C3-4C38-95C1-6F7DB293869E}.Release|Any CPU.ActiveCfg = Release|Any CPU
		{EF7787EE-49C3-4C38-95C1-6F7DB293869E}.Release|Any CPU.Build.0 = Release|Any CPU
	EndGlobalSection
	GlobalSection(SolutionProperties) = preSolution
		HideSolutionNode = FALSE
	EndGlobalSection
	GlobalSection(ExtensibilityGlobals) = postSolution
		SolutionGuid = {D6462B16-181D-4B32-A16B-4371DFA48A8C}
	EndGlobalSection
EndGlobal
